
Microsoft Visual Studio Solution File, Format Version 12.00
# Visual Studio Version 17
VisualStudioVersion = 17.7.34031.279
MinimumVisualStudioVersion = 10.0.40219.1
Project("{FAE04EC0-301F-11D3-BF4B-00C04F79EFBC}") = "ProductApp", "ProductApp.csproj", "{22273BB2-47A8-4121-8C1B-B4132FB41098}"
EndProject
Global
	GlobalSection(SolutionConfigurationPlatforms) = preSolution
		Debug|Any CPU = Debug|Any CPU
		Release|Any CPU = Release|Any CPU
	EndGlobalSection
	GlobalSection(ProjectConfigurationPlatforms) = postSolution
		{22273BB2-47A8-4121-8C1B-B4132FB41098}.Debug|Any CPU.ActiveCfg = Debug|Any CPU
		{22273BB2-47A8-4121-8C1B-B4132FB41098}.Debug|Any CPU.Build.0 = Debug|Any CPU
		{22273BB2-47A8-4121-8C1B-B4132FB41098}.Release|Any CPU.ActiveCfg = Release|Any CPU
		{22273BB2-47A8-4121-8C1B-B4132FB41098}.Release|Any CPU.Build.0 = Release|Any CPU
	EndGlobalSection
	GlobalSection(SolutionProperties) = preSolution
		HideSolutionNode = FALSE
	EndGlobalSection
	GlobalSection(ExtensibilityGlobals) = postSolution
		SolutionGuid = {6FBB77A3-656A-4C63-92D4-4A0BBE2F2018}
	EndGlobalSection
EndGlobal
